{
  "version": 4,
  "terraform_version": "1.12.1",
  "serial": 1,
  "lineage": "6398b751-f910-60e0-8283-ce9c693c2186",
  "outputs": {},
  "resources": [
    {
      "mode": "managed",
      "type": "local_file",
      "name": "directorio_ejemplo",
      "provider": "provider[\"registry.terraform.io/hashicorp/local\"]",
      "instances": [
        {
          "schema_version": 0,
          "attributes": {
            "content": "¡Este directorio fue creado por Terraform!",
            "content_base64": null,
            "content_base64sha256": "+oV2lcu5mTkkz0wnzOKCFjDCml/LbF0Qiy8kyKZlAi8=",
            "content_base64sha512": "2udnE3SpbzIbkgLjDKPCuCZA1rbXXDbOAEFLcocqrih93/ujX90JqjNGh19JB0+7Y1y5PY0M3rplMznCpMsFdQ==",
            "content_md5": "14d09e338e9c60d379b9baf13bcbb61b",
            "content_sha1": "87818ebe68d5031cd1c23b0492fd4a40325485db",
            "content_sha256": "fa857695cbb9993924cf4c27cce2821630c29a5fcb6c5d108b2f24c8a665022f",
            "content_sha512": "dae7671374a96f321b9202e30ca3c2b82640d6b6d75c36ce00414b72872aae287ddffba35fdd09aa3346875f49074fbb635cb93d8d0cdeba653339c2a4cb0575",
            "directory_permission": "0777",
            "file_permission": "0777",
            "filename": "C:/Users/Jharv/OneDrive/Documentos/Cursos/Ciclo_06/CC3S2/Actividades/IaC-practice/actividades-grupales-DS/activity19/Ejemplo_practico/mi_entorno_local/README.md",
            "id": "87818ebe68d5031cd1c23b0492fd4a40325485db",
            "sensitive_content": null,
            "source": null
          },
          "sensitive_attributes": [
            [
              {
                "type": "get_attr",
                "value": "sensitive_content"
              }
            ]
          ],
          "identity_schema_version": 0
        }
      ]
    }
  ],
  "check_results": null
}
